# This file is automatically @generated by Poetry 1.5.0 and should not be changed by hand.

[[package]]
name = "fake-bpy-module-4-0"
version = "20231118"
description = "Collection of the fake Blender Python API module for the code completion."
optional = false
python-versions = ">=3.7"
files = [
    {file = "fake-bpy-module-4.0-20231118.tar.gz", hash = "sha256:61a1b051461e83d4dc0c30738f5380c172a7ce078db584a73fb8cbab18468f0e"},
    {file = "fake_bpy_module_4.0-20231118-py3-none-any.whl", hash = "sha256:5a6b16a5b134db3cc6544e3353353b7cb2155b39e15eb63d2c524c71f1e390b8"},
]

[metadata]
lock-version = "2.0"
python-versions = "^3.11"
content-hash = "e2d6284ab4d6e75af6b5c0068b7bb52d27491b87ca5e0156671d69fad5a05881"
